
Microsoft Visual Studio Solution File, Format Version 12.00
# Visual Studio Version 17
VisualStudioVersion = 17.6.33712.159
MinimumVisualStudioVersion = 10.0.40219.1
Project("{FAE04EC0-301F-11D3-BF4B-00C04F79EFBC}") = "online_library_mssql", "online_library_mssql.csproj", "{49F0F610-A515-47B6-8335-09E508D370C0}"
EndProject
Global
	GlobalSection(SolutionConfigurationPlatforms) = preSolution
		Debug|Any CPU = Debug|Any CPU
		Release|Any CPU = Release|Any CPU
	EndGlobalSection
	GlobalSection(ProjectConfigurationPlatforms) = postSolution
		{49F0F610-A515-47B6-8335-09E508D370C0}.Debug|Any CPU.ActiveCfg = Debug|Any CPU
		{49F0F610-A515-47B6-8335-09E508D370C0}.Debug|Any CPU.Build.0 = Debug|Any CPU
		{49F0F610-A515-47B6-8335-09E508D370C0}.Release|Any CPU.ActiveCfg = Release|Any CPU
		{49F0F610-A515-47B6-8335-09E508D370C0}.Release|Any CPU.Build.0 = Release|Any CPU
	EndGlobalSection
	GlobalSection(SolutionProperties) = preSolution
		HideSolutionNode = FALSE
	EndGlobalSection
	GlobalSection(ExtensibilityGlobals) = postSolution
		SolutionGuid = {65C6DA84-D133-4FCC-8AD6-CC59A267AF8D}
	EndGlobalSection
EndGlobal
